Microsoft Visual Studio Solution File, Format Version 11.00
# Visual Studio 2008

Project("{068531AF-2556-E64C-E844-A4B1536BD801}") = "mroftalp", "Assembly-CSharp.csproj", "{0821B813-5D4D-36AD-51F3-BF1AE2632FF0}"
EndProject
Global
	GlobalSection(SolutionConfigurationPlatforms) = preSolution
		Debug|Any CPU = Debug|Any CPU
		Release|Any CPU = Release|Any CPU
	EndGlobalSection
	GlobalSection(ProjectConfigurationPlatforms) = postSolution
		{0821B813-5D4D-36AD-51F3-BF1AE2632FF0}.Debug|Any CPU.ActiveCfg = Debug|Any CPU
		{0821B813-5D4D-36AD-51F3-BF1AE2632FF0}.Debug|Any CPU.Build.0 = Debug|Any CPU
		{0821B813-5D4D-36AD-51F3-BF1AE2632FF0}.Release|Any CPU.ActiveCfg = Release|Any CPU
		{0821B813-5D4D-36AD-51F3-BF1AE2632FF0}.Release|Any CPU.Build.0 = Release|Any CPU
	EndGlobalSection
	GlobalSection(SolutionProperties) = preSolution
		HideSolutionNode = FALSE
	EndGlobalSection
	GlobalSection(MonoDevelopProperties) = preSolution
		StartupItem = Assembly-CSharp.csproj
	EndGlobalSection
EndGlobal
